
Microsoft Visual Studio Solution File, Format Version 12.00
Project("{2150E333-8FDC-42A3-9474-1A3956D46DE8}") = "EduLabWebAPI", "EduLabWebAPI", "{651E0B2A-0020-48C3-8C6E-7BA922C65340}"
EndProject
Project("{2150E333-8FDC-42A3-9474-1A3956D46DE8}") = "Core", "Core", "{21C130D1-A408-480A-A325-77A809686F15}"
EndProject
Project("{2150E333-8FDC-42A3-9474-1A3956D46DE8}") = "Infrastructure", "Infrastructure", "{C886F6E1-D617-4581-A2F4-E355A9879392}"
EndProject
Project("{2150E333-8FDC-42A3-9474-1A3956D46DE8}") = "API", "API", "{6CE233A0-92AE-431A-98E0-D4FBD5A7ED1C}"
	ProjectSection(SolutionItems) = preProject
		.dockerignore = .dockerignore
	EndProjectSection
EndProject
Project("{FAE04EC0-301F-11D3-BF4B-00C04F79EFBC}") = "WebAPI", "API\WebAPI\WebAPI.csproj", "{019E6D47-0C69-4063-836E-953C84B35F18}"
EndProject
Project("{FAE04EC0-301F-11D3-BF4B-00C04F79EFBC}") = "Domain", "Core\Domain\Domain.csproj", "{697CA67D-5D44-4BC9-B54E-47E1FE843DF3}"
EndProject
Project("{FAE04EC0-301F-11D3-BF4B-00C04F79EFBC}") = "Application", "Core\Application\Application.csproj", "{84419861-F836-4F9D-B143-FF762ED439E3}"
EndProject
Project("{FAE04EC0-301F-11D3-BF4B-00C04F79EFBC}") = "Infrastructure.Persistence", "Infrastructure\Infrastructure.Persistence\Infrastructure.Persistence.csproj", "{841A4E26-87D9-488E-95A8-7F31F527287F}"
EndProject
Project("{FAE04EC0-301F-11D3-BF4B-00C04F79EFBC}") = "Infrastructure.File", "Infrastructure\Infrastructure.File\Infrastructure.File.csproj", "{55409B97-A13A-40D2-B0DF-3215FF1AF062}"
EndProject
Global
	GlobalSection(SolutionConfigurationPlatforms) = preSolution
		Debug|Any CPU = Debug|Any CPU
		Release|Any CPU = Release|Any CPU
	EndGlobalSection
	GlobalSection(NestedProjects) = preSolution
		{21C130D1-A408-480A-A325-77A809686F15} = {651E0B2A-0020-48C3-8C6E-7BA922C65340}
		{C886F6E1-D617-4581-A2F4-E355A9879392} = {651E0B2A-0020-48C3-8C6E-7BA922C65340}
		{6CE233A0-92AE-431A-98E0-D4FBD5A7ED1C} = {651E0B2A-0020-48C3-8C6E-7BA922C65340}
		{019E6D47-0C69-4063-836E-953C84B35F18} = {6CE233A0-92AE-431A-98E0-D4FBD5A7ED1C}
		{697CA67D-5D44-4BC9-B54E-47E1FE843DF3} = {21C130D1-A408-480A-A325-77A809686F15}
		{84419861-F836-4F9D-B143-FF762ED439E3} = {21C130D1-A408-480A-A325-77A809686F15}
		{841A4E26-87D9-488E-95A8-7F31F527287F} = {C886F6E1-D617-4581-A2F4-E355A9879392}
		{55409B97-A13A-40D2-B0DF-3215FF1AF062} = {C886F6E1-D617-4581-A2F4-E355A9879392}
	EndGlobalSection
	GlobalSection(ProjectConfigurationPlatforms) = postSolution
		{019E6D47-0C69-4063-836E-953C84B35F18}.Debug|Any CPU.ActiveCfg = Debug|Any CPU
		{019E6D47-0C69-4063-836E-953C84B35F18}.Debug|Any CPU.Build.0 = Debug|Any CPU
		{019E6D47-0C69-4063-836E-953C84B35F18}.Release|Any CPU.ActiveCfg = Release|Any CPU
		{019E6D47-0C69-4063-836E-953C84B35F18}.Release|Any CPU.Build.0 = Release|Any CPU
		{697CA67D-5D44-4BC9-B54E-47E1FE843DF3}.Debug|Any CPU.ActiveCfg = Debug|Any CPU
		{697CA67D-5D44-4BC9-B54E-47E1FE843DF3}.Debug|Any CPU.Build.0 = Debug|Any CPU
		{697CA67D-5D44-4BC9-B54E-47E1FE843DF3}.Release|Any CPU.ActiveCfg = Release|Any CPU
		{697CA67D-5D44-4BC9-B54E-47E1FE843DF3}.Release|Any CPU.Build.0 = Release|Any CPU
		{84419861-F836-4F9D-B143-FF762ED439E3}.Debug|Any CPU.ActiveCfg = Debug|Any CPU
		{84419861-F836-4F9D-B143-FF762ED439E3}.Debug|Any CPU.Build.0 = Debug|Any CPU
		{84419861-F836-4F9D-B143-FF762ED439E3}.Release|Any CPU.ActiveCfg = Release|Any CPU
		{84419861-F836-4F9D-B143-FF762ED439E3}.Release|Any CPU.Build.0 = Release|Any CPU
		{841A4E26-87D9-488E-95A8-7F31F527287F}.Debug|Any CPU.ActiveCfg = Debug|Any CPU
		{841A4E26-87D9-488E-95A8-7F31F527287F}.Debug|Any CPU.Build.0 = Debug|Any CPU
		{841A4E26-87D9-488E-95A8-7F31F527287F}.Release|Any CPU.ActiveCfg = Release|Any CPU
		{841A4E26-87D9-488E-95A8-7F31F527287F}.Release|Any CPU.Build.0 = Release|Any CPU
		{55409B97-A13A-40D2-B0DF-3215FF1AF062}.Debug|Any CPU.ActiveCfg = Debug|Any CPU
		{55409B97-A13A-40D2-B0DF-3215FF1AF062}.Debug|Any CPU.Build.0 = Debug|Any CPU
		{55409B97-A13A-40D2-B0DF-3215FF1AF062}.Release|Any CPU.ActiveCfg = Release|Any CPU
		{55409B97-A13A-40D2-B0DF-3215FF1AF062}.Release|Any CPU.Build.0 = Release|Any CPU
		{B65BA6B2-679A-438C-ADCC-31F6D70EBA13}.Debug|Any CPU.ActiveCfg = Debug|Any CPU
		{B65BA6B2-679A-438C-ADCC-31F6D70EBA13}.Debug|Any CPU.Build.0 = Debug|Any CPU
		{B65BA6B2-679A-438C-ADCC-31F6D70EBA13}.Release|Any CPU.ActiveCfg = Release|Any CPU
		{B65BA6B2-679A-438C-ADCC-31F6D70EBA13}.Release|Any CPU.Build.0 = Release|Any CPU
	EndGlobalSection
EndGlobal
